
Microsoft Visual Studio Solution File, Format Version 12.00
# Visual Studio Version 16
VisualStudioVersion = 16.0.30611.23
MinimumVisualStudioVersion = 10.0.40219.1
Project("{FAE04EC0-301F-11D3-BF4B-00C04F79EFBC}") = "MessageGenerator", "MessageGenerator\MessageGenerator.csproj", "{B61F03A9-132D-4ED5-A702-E0C6AC3A2B4D}"
EndProject
Global
	GlobalSection(SolutionConfigurationPlatforms) = preSolution
		Debug|Any CPU = Debug|Any CPU
		Release|Any CPU = Release|Any CPU
	EndGlobalSection
	GlobalSection(ProjectConfigurationPlatforms) = postSolution
		{B61F03A9-132D-4ED5-A702-E0C6AC3A2B4D}.Debug|Any CPU.ActiveCfg = Debug|Any CPU
		{B61F03A9-132D-4ED5-A702-E0C6AC3A2B4D}.Debug|Any CPU.Build.0 = Debug|Any CPU
		{B61F03A9-132D-4ED5-A702-E0C6AC3A2B4D}.Release|Any CPU.ActiveCfg = Release|Any CPU
		{B61F03A9-132D-4ED5-A702-E0C6AC3A2B4D}.Release|Any CPU.Build.0 = Release|Any CPU
	EndGlobalSection
	GlobalSection(SolutionProperties) = preSolution
		HideSolutionNode = FALSE
	EndGlobalSection
	GlobalSection(ExtensibilityGlobals) = postSolution
		SolutionGuid = {80BE524A-769C-4D55-9250-8430F2FE0A1B}
	EndGlobalSection
EndGlobal
