
Microsoft Visual Studio Solution File, Format Version 12.00
# Visual Studio Version 16
VisualStudioVersion = 16.0.30611.23
MinimumVisualStudioVersion = 10.0.40219.1
Project("{FAE04EC0-301F-11D3-BF4B-00C04F79EFBC}") = "MessageGenerator", "MessageGenerator\MessageGenerator.csproj", "{07A219DD-481F-4576-9873-980777DB75AE}"
EndProject
Global
	GlobalSection(SolutionConfigurationPlatforms) = preSolution
		Debug|Any CPU = Debug|Any CPU
		Release|Any CPU = Release|Any CPU
	EndGlobalSection
	GlobalSection(ProjectConfigurationPlatforms) = postSolution
		{07A219DD-481F-4576-9873-980777DB75AE}.Debug|Any CPU.ActiveCfg = Debug|Any CPU
		{07A219DD-481F-4576-9873-980777DB75AE}.Debug|Any CPU.Build.0 = Debug|Any CPU
		{07A219DD-481F-4576-9873-980777DB75AE}.Release|Any CPU.ActiveCfg = Release|Any CPU
		{07A219DD-481F-4576-9873-980777DB75AE}.Release|Any CPU.Build.0 = Release|Any CPU
	EndGlobalSection
	GlobalSection(SolutionProperties) = preSolution
		HideSolutionNode = FALSE
	EndGlobalSection
	GlobalSection(ExtensibilityGlobals) = postSolution
		SolutionGuid = {CDE6C84B-C63E-4E17-9CBF-0330C5CC2E51}
	EndGlobalSection
EndGlobal
